
Microsoft Visual Studio Solution File, Format Version 12.00
# Visual Studio 2012
Project("{FAE04EC0-301F-11D3-BF4B-00C04F79EFBC}") = "Letter Counter", "Letter Counter\Letter Counter.csproj", "{0F3E3FD4-35B6-49D8-B9E3-C9B4EBC6475E}"
EndProject
Global
	GlobalSection(SolutionConfigurationPlatforms) = preSolution
		Debug|Any CPU = Debug|Any CPU
		Release|Any CPU = Release|Any CPU
	EndGlobalSection
	GlobalSection(ProjectConfigurationPlatforms) = postSolution
		{0F3E3FD4-35B6-49D8-B9E3-C9B4EBC6475E}.Debug|Any CPU.ActiveCfg = Debug|Any CPU
		{0F3E3FD4-35B6-49D8-B9E3-C9B4EBC6475E}.Debug|Any CPU.Build.0 = Debug|Any CPU
		{0F3E3FD4-35B6-49D8-B9E3-C9B4EBC6475E}.Release|Any CPU.ActiveCfg = Release|Any CPU
		{0F3E3FD4-35B6-49D8-B9E3-C9B4EBC6475E}.Release|Any CPU.Build.0 = Release|Any CPU
	EndGlobalSection
	GlobalSection(SolutionProperties) = preSolution
		HideSolutionNode = FALSE
	EndGlobalSection
EndGlobal
